{
    "name": "license_management_icp_canister",
    "lockfileVersion": 3,
    "requires": true,
    "packages": {
        "": {
            "dependencies": {
                "azle": "0.19.0",
                "uuid": "^9.0.1"
            }
        },
        "node_modules/@cspotcode/source-map-consumer": {
            "version": "0.8.0",
            "license": "BSD-3-Clause",
            "engines": {
                "node": ">= 12"
            }
        },
        "node_modules/@cspotcode/source-map-support": {
            "version": "0.7.0",
            "license": "MIT",
            "dependencies": {
                "@cspotcode/source-map-consumer": "0.8.0"
            },
            "engines": {
                "node": ">=12"
            }
        },
        "node_modules/@dfinity/candid": {
            "version": "0.19.2",
            "resolved": "git+ssh://git@github.com/demergent-labs/candid.git#5797fa906b1a7cc30c161dbb0eb919283ce2f80d",
            "license": "Apache-2.0",
            "peerDependencies": {
                "@dfinity/principal": "^0.19.2"
            }
        },
        "node_modules/@dfinity/principal": {
            "version": "0.19.3",
            "license": "Apache-2.0",
            "dependencies": {
                "@noble/hashes": "^1.3.1"
            }
        },
        "node_modules/@esbuild/darwin-arm64": {
            "version": "0.19.10",
            "cpu": [
                "arm64"
            ],
            "license": "MIT",
            "optional": true,
            "os": [
                "darwin"
            ],
            "engines": {
                "node": ">=12"
            }
        },
        "node_modules/@noble/hashes": {
            "version": "1.3.3",
            "license": "MIT",
            "engines": {
                "node": ">= 16"
            },
            "funding": {
                "url": "https://paulmillr.com/funding/"
            }
        },
        "node_modules/@swc/core": {
            "version": "1.3.101",
            "hasInstallScript": true,
            "license": "Apache-2.0",
            "dependencies": {
                "@swc/counter": "^0.1.1",
                "@swc/types": "^0.1.5"
            },
            "engines": {
                "node": ">=10"
            },
            "funding": {
                "type": "opencollective",
                "url": "https://opencollective.com/swc"
            },
            "optionalDependencies": {
                "@swc/core-darwin-arm64": "1.3.101",
                "@swc/core-darwin-x64": "1.3.101",
                "@swc/core-linux-arm-gnueabihf": "1.3.101",
                "@swc/core-linux-arm64-gnu": "1.3.101",
                "@swc/core-linux-arm64-musl": "1.3.101",
                "@swc/core-linux-x64-gnu": "1.3.101",
                "@swc/core-linux-x64-musl": "1.3.101",
                "@swc/core-win32-arm64-msvc": "1.3.101",
                "@swc/core-win32-ia32-msvc": "1.3.101",
                "@swc/core-win32-x64-msvc": "1.3.101"
            },
            "peerDependencies": {
                "@swc/helpers": "^0.5.0"
            },
            "peerDependenciesMeta": {
                "@swc/helpers": {
                    "optional": true
                }
            }
        },
        "node_modules/@swc/core-darwin-arm64": {
            "version": "1.3.101",
            "cpu": [
                "arm64"
            ],
            "license": "Apache-2.0 AND MIT",
            "optional": true,
            "os": [
                "darwin"
            ],
            "engines": {
                "node": ">=10"
            }
        },
        "node_modules/@swc/counter": {
            "version": "0.1.2",
            "license": "Apache-2.0"
        },
        "node_modules/@swc/types": {
            "version": "0.1.5",
            "license": "Apache-2.0"
        },
        "node_modules/@tsconfig/node10": {
            "version": "1.0.9",
            "license": "MIT"
        },
        "node_modules/@tsconfig/node12": {
            "version": "1.0.11",
            "license": "MIT"
        },
        "node_modules/@tsconfig/node14": {
            "version": "1.0.3",
            "license": "MIT"
        },
        "node_modules/@tsconfig/node16": {
            "version": "1.0.4",
            "license": "MIT"
        },
        "node_modules/@types/node": {
            "version": "20.10.5",
            "resolved": "https://registry.npmjs.org/@types/node/-/node-20.10.5.tgz",
            "integrity": "sha512-nNPsNE65wjMxEKI93yOP+NPGGBJz/PoN3kZsVLee0XMiJolxSekEVD8wRwBUBqkwc7UWop0edW50yrCQW4CyRw==",
            "peer": true,
            "dependencies": {
                "undici-types": "~5.26.4"
            }
        },
        "node_modules/@types/uuid": {
            "version": "9.0.7",
            "license": "MIT"
        },
        "node_modules/acorn": {
            "version": "8.11.2",
            "license": "MIT",
            "bin": {
                "acorn": "bin/acorn"
            },
            "engines": {
                "node": ">=0.4.0"
            }
        },
        "node_modules/acorn-walk": {
            "version": "8.3.1",
            "license": "MIT",
            "engines": {
                "node": ">=0.4.0"
            }
        },
        "node_modules/arg": {
            "version": "4.1.3",
            "license": "MIT"
        },
        "node_modules/azle": {
            "version": "0.19.0",
            "license": "MIT",
            "dependencies": {
                "@dfinity/candid": "github:demergent-labs/candid#minimum_viable",
                "@dfinity/principal": "^0.19.3",
                "@swc/core": "^1.3.86",
                "@types/uuid": "^9.0.4",
                "buffer": "^6.0.3",
                "esbuild": "^0.19.3",
                "fs-extra": "10.0.1",
                "js-sha256": "0.9.0",
                "text-encoding": "0.7.0",
                "ts-node": "10.3.1",
                "typescript": "^5.2.2",
                "uuid": "^9.0.1"
            },
            "bin": {
                "azle": "bin.js"
            }
        },
        "node_modules/base64-js": {
            "version": "1.5.1",
            "funding": [
                {
                    "type": "github",
                    "url": "https://github.com/sponsors/feross"
                },
                {
                    "type": "patreon",
                    "url": "https://www.patreon.com/feross"
                },
                {
                    "type": "consulting",
                    "url": "https://feross.org/support"
                }
            ],
            "license": "MIT"
        },
        "node_modules/buffer": {
            "version": "6.0.3",
            "funding": [
                {
                    "type": "github",
                    "url": "https://github.com/sponsors/feross"
                },
                {
                    "type": "patreon",
                    "url": "https://www.patreon.com/feross"
                },
                {
                    "type": "consulting",
                    "url": "https://feross.org/support"
                }
            ],
            "license": "MIT",
            "dependencies": {
                "base64-js": "^1.3.1",
                "ieee754": "^1.2.1"
            }
        },
        "node_modules/create-require": {
            "version": "1.1.1",
            "license": "MIT"
        },
        "node_modules/diff": {
            "version": "4.0.2",
            "license": "BSD-3-Clause",
            "engines": {
                "node": ">=0.3.1"
            }
        },
        "node_modules/esbuild": {
            "version": "0.19.10",
            "hasInstallScript": true,
            "license": "MIT",
            "bin": {
                "esbuild": "bin/esbuild"
            },
            "engines": {
                "node": ">=12"
            },
            "optionalDependencies": {
                "@esbuild/aix-ppc64": "0.19.10",
                "@esbuild/android-arm": "0.19.10",
                "@esbuild/android-arm64": "0.19.10",
                "@esbuild/android-x64": "0.19.10",
                "@esbuild/darwin-arm64": "0.19.10",
                "@esbuild/darwin-x64": "0.19.10",
                "@esbuild/freebsd-arm64": "0.19.10",
                "@esbuild/freebsd-x64": "0.19.10",
                "@esbuild/linux-arm": "0.19.10",
                "@esbuild/linux-arm64": "0.19.10",
                "@esbuild/linux-ia32": "0.19.10",
                "@esbuild/linux-loong64": "0.19.10",
                "@esbuild/linux-mips64el": "0.19.10",
                "@esbuild/linux-ppc64": "0.19.10",
                "@esbuild/linux-riscv64": "0.19.10",
                "@esbuild/linux-s390x": "0.19.10",
                "@esbuild/linux-x64": "0.19.10",
                "@esbuild/netbsd-x64": "0.19.10",
                "@esbuild/openbsd-x64": "0.19.10",
                "@esbuild/sunos-x64": "0.19.10",
                "@esbuild/win32-arm64": "0.19.10",
                "@esbuild/win32-ia32": "0.19.10",
                "@esbuild/win32-x64": "0.19.10"
            }
        },
        "node_modules/fs-extra": {
            "version": "10.0.1",
            "license": "MIT",
            "dependencies": {
                "graceful-fs": "^4.2.0",
                "jsonfile": "^6.0.1",
                "universalify": "^2.0.0"
            },
            "engines": {
                "node": ">=12"
            }
        },
        "node_modules/graceful-fs": {
            "version": "4.2.11",
            "license": "ISC"
        },
        "node_modules/ieee754": {
            "version": "1.2.1",
            "funding": [
                {
                    "type": "github",
                    "url": "https://github.com/sponsors/feross"
                },
                {
                    "type": "patreon",
                    "url": "https://www.patreon.com/feross"
                },
                {
                    "type": "consulting",
                    "url": "https://feross.org/support"
                }
            ],
            "license": "BSD-3-Clause"
        },
        "node_modules/js-sha256": {
            "version": "0.9.0",
            "license": "MIT"
        },
        "node_modules/jsonfile": {
            "version": "6.1.0",
            "license": "MIT",
            "dependencies": {
                "universalify": "^2.0.0"
            },
            "optionalDependencies": {
                "graceful-fs": "^4.1.6"
            }
        },
        "node_modules/make-error": {
            "version": "1.3.6",
            "license": "ISC"
        },
        "node_modules/text-encoding": {
            "version": "0.7.0",
            "license": "(Unlicense OR Apache-2.0)"
        },
        "node_modules/ts-node": {
            "version": "10.3.1",
            "license": "MIT",
            "dependencies": {
                "@cspotcode/source-map-support": "0.7.0",
                "@tsconfig/node10": "^1.0.7",
                "@tsconfig/node12": "^1.0.7",
                "@tsconfig/node14": "^1.0.0",
                "@tsconfig/node16": "^1.0.2",
                "acorn": "^8.4.1",
                "acorn-walk": "^8.1.1",
                "arg": "^4.1.0",
                "create-require": "^1.1.0",
                "diff": "^4.0.1",
                "make-error": "^1.1.1",
                "yn": "3.1.1"
            },
            "bin": {
                "ts-node": "dist/bin.js",
                "ts-node-cwd": "dist/bin-cwd.js",
                "ts-node-script": "dist/bin-script.js",
                "ts-node-transpile-only": "dist/bin-transpile.js",
                "ts-script": "dist/bin-script-deprecated.js"
            },
            "peerDependencies": {
                "@swc/core": ">=1.2.50",
                "@swc/wasm": ">=1.2.50",
                "@types/node": "*",
                "typescript": ">=2.7"
            },
            "peerDependenciesMeta": {
                "@swc/core": {
                    "optional": true
                },
                "@swc/wasm": {
                    "optional": true
                }
            }
        },
        "node_modules/typescript": {
            "version": "5.3.3",
            "license": "Apache-2.0",
            "bin": {
                "tsc": "bin/tsc",
                "tsserver": "bin/tsserver"
            },
            "engines": {
                "node": ">=14.17"
            }
        },
        "node_modules/undici-types": {
            "version": "5.26.5",
            "resolved": "https://registry.npmjs.org/undici-types/-/undici-types-5.26.5.tgz",
            "integrity": "sha512-JlCMO+ehdEIKqlFxk6IfVoAUVmgz7cU7zD/h9XZ0qzeosSHmUJVOzSQvvYSYWXkFXC+IfLKSIffhv0sVZup6pA==",
            "peer": true
        },
        "node_modules/universalify": {
            "version": "2.0.1",
            "license": "MIT",
            "engines": {
                "node": ">= 10.0.0"
            }
        },
        "node_modules/uuid": {
            "version": "9.0.1",
            "resolved": "https://registry.npmjs.org/uuid/-/uuid-9.0.1.tgz",
            "integrity": "sha512-b+1eJOlsR9K8HJpow9Ok3fiWOWSIcIzXodvv0rQjVoOVNpWMpxf1wZNpt4y9h10odCNrqnYp1OBzRktckBe3sA==",
            "funding": [
                "https://github.com/sponsors/broofa",
                "https://github.com/sponsors/ctavan"
            ],
            "bin": {
                "uuid": "dist/bin/uuid"
            }
        },
        "node_modules/yn": {
            "version": "3.1.1",
            "license": "MIT",
            "engines": {
                "node": ">=6"
            }
        }
    }
}
